// !$*UTF8*$!
{
	archiveVersion = 1;
	classes = {
	};
	objectVersion = 56;
	objects = {

/* Begin PBXBuildFile section */
		D60A483C299860590013F066 /* MandelaApp.swift in Sources */ = {isa = PBXBuildFile; fileRef = D60A483B299860590013F066 /* MandelaApp.swift */; };
		D60A483E299860590013F066 /* ContentView.swift in Sources */ = {isa = PBXBuildFile; fileRef = D60A483D299860590013F066 /* ContentView.swift */; };
		D60A48402998605B0013F066 /* Assets.xcassets in Resources */ = {isa = PBXBuildFile; fileRef = D60A483F2998605B0013F066 /* Assets.xcassets */; };
		D60A48432998605B0013F066 /* Preview Assets.xcassets in Resources */ = {isa = PBXBuildFile; fileRef = D60A48422998605B0013F066 /* Preview Assets.xcassets */; };
		D60A484D2998605B0013F066 /* MandelaTests.swift in Sources */ = {isa = PBXBuildFile; fileRef = D60A484C2998605B0013F066 /* MandelaTests.swift */; };
		D60A48572998605B0013F066 /* MandelaUITests.swift in Sources */ = {isa = PBXBuildFile; fileRef = D60A48562998605B0013F066 /* MandelaUITests.swift */; };
		D60A48592998605B0013F066 /* MandelaUITestsLaunchTests.swift in Sources */ = {isa = PBXBuildFile; fileRef = D60A48582998605B0013F066 /* MandelaUITestsLaunchTests.swift */; };
		D60A48782998639D0013F066 /* vm_unaligned_copy_switch_race.c in Sources */ = {isa = PBXBuildFile; fileRef = D60A48722998639D0013F066 /* vm_unaligned_copy_switch_race.c */; };
		D60A48792998639D0013F066 /* helpers.m in Sources */ = {isa = PBXBuildFile; fileRef = D60A48732998639D0013F066 /* helpers.m */; };
		D60A487A2998639D0013F066 /* grant_full_disk_access.m in Sources */ = {isa = PBXBuildFile; fileRef = D60A48752998639D0013F066 /* grant_full_disk_access.m */; };
		D60A487E299863D60013F066 /* Haptic++.swift in Sources */ = {isa = PBXBuildFile; fileRef = D60A487C299863D60013F066 /* Haptic++.swift */; };
		D60A487F299863D60013F066 /* Alert++.swift in Sources */ = {isa = PBXBuildFile; fileRef = D60A487D299863D60013F066 /* Alert++.swift */; };
		D60A48812998654C0013F066 /* ResolutionView.swift in Sources */ = {isa = PBXBuildFile; fileRef = D60A48802998654C0013F066 /* ResolutionView.swift */; };
		D60A4884299865610013F066 /* Common.swift in Sources */ = {isa = PBXBuildFile; fileRef = D60A4883299865610013F066 /* Common.swift */; };
		D60A4887299866B40013F066 /* MuteView.swift in Sources */ = {isa = PBXBuildFile; fileRef = D60A4886299866B40013F066 /* MuteView.swift */; };
		D60A488A299867100013F066 /* SuperviseView.swift in Sources */ = {isa = PBXBuildFile; fileRef = D60A4889299867100013F066 /* SuperviseView.swift */; };
		D60A488C2998672A0013F066 /* CarrierChangerView.swift in Sources */ = {isa = PBXBuildFile; fileRef = D60A488B2998672A0013F066 /* CarrierChangerView.swift */; };
		D60A488F299867370013F066 /* AirPowerView.swift in Sources */ = {isa = PBXBuildFile; fileRef = D60A488E299867370013F066 /* AirPowerView.swift */; };
		D60A4892299867450013F066 /* DOOMView.swift in Sources */ = {isa = PBXBuildFile; fileRef = D60A4891299867450013F066 /* DOOMView.swift */; };
		D60A489429986BF20013F066 /* TypeView.swift in Sources */ = {isa = PBXBuildFile; fileRef = D60A489329986BF20013F066 /* TypeView.swift */; };
/* End PBXBuildFile section */

/* Begin PBXContainerItemProxy section */
		D60A48492998605B0013F066 /* PBXContainerItemProxy */ = {
			isa = PBXContainerItemProxy;
			containerPortal = D60A4830299860590013F066 /* Project object */;
			proxyType = 1;
			remoteGlobalIDString = D60A4837299860590013F066;
			remoteInfo = Mandela;
		};
		D60A48532998605B0013F066 /* PBXContainerItemProxy */ = {
			isa = PBXContainerItemProxy;
			containerPortal = D60A4830299860590013F066 /* Project object */;
			proxyType = 1;
			remoteGlobalIDString = D60A4837299860590013F066;
			remoteInfo = Mandela;
		};
/* End PBXContainerItemProxy section */

/* Begin PBXFileReference section */
		D60A4838299860590013F066 /* Mandela.app */ = {isa = PBXFileReference; explicitFileType = wrapper.application; includeInIndex = 0; path = Mandela.app; sourceTree = BUILT_PRODUCTS_DIR; };
		D60A483B299860590013F066 /* MandelaApp.swift */ = {isa = PBXFileReference; lastKnownFileType = sourcecode.swift; path = MandelaApp.swift; sourceTree = "<group>"; };
		D60A483D299860590013F066 /* ContentView.swift */ = {isa = PBXFileReference; lastKnownFileType = sourcecode.swift; path = ContentView.swift; sourceTree = "<group>"; };
		D60A483F2998605B0013F066 /* Assets.xcassets */ = {isa = PBXFileReference; lastKnownFileType = folder.assetcatalog; path = Assets.xcassets; sourceTree = "<group>"; };
		D60A48422998605B0013F066 /* Preview Assets.xcassets */ = {isa = PBXFileReference; lastKnownFileType = folder.assetcatalog; path = "Preview Assets.xcassets"; sourceTree = "<group>"; };
		D60A48482998605B0013F066 /* MandelaTests.xctest */ = {isa = PBXFileReference; explicitFileType = wrapper.cfbundle; includeInIndex = 0; path = MandelaTests.xctest; sourceTree = BUILT_PRODUCTS_DIR; };
		D60A484C2998605B0013F066 /* MandelaTests.swift */ = {isa = PBXFileReference; lastKnownFileType = sourcecode.swift; path = MandelaTests.swift; sourceTree = "<group>"; };
		D60A48522998605B0013F066 /* MandelaUITests.xctest */ = {isa = PBXFileReference; explicitFileType = wrapper.cfbundle; includeInIndex = 0; path = MandelaUITests.xctest; sourceTree = BUILT_PRODUCTS_DIR; };
		D60A48562998605B0013F066 /* MandelaUITests.swift */ = {isa = PBXFileReference; lastKnownFileType = sourcecode.swift; path = MandelaUITests.swift; sourceTree = "<group>"; };
		D60A48582998605B0013F066 /* MandelaUITestsLaunchTests.swift */ = {isa = PBXFileReference; lastKnownFileType = sourcecode.swift; path = MandelaUITestsLaunchTests.swift; sourceTree = "<group>"; };
		D60A48712998639D0013F066 /* grant_full_disk_access.h */ = {isa = PBXFileReference; fileEncoding = 4; lastKnownFileType = sourcecode.c.h; path = grant_full_disk_access.h; sourceTree = "<group>"; };
		D60A48722998639D0013F066 /* vm_unaligned_copy_switch_race.c */ = {isa = PBXFileReference; fileEncoding = 4; lastKnownFileType = sourcecode.c.c; path = vm_unaligned_copy_switch_race.c; sourceTree = "<group>"; };
		D60A48732998639D0013F066 /* helpers.m */ = {isa = PBXFileReference; fileEncoding = 4; lastKnownFileType = sourcecode.c.objc; path = helpers.m; sourceTree = "<group>"; };
		D60A48742998639D0013F066 /* vm_unaligned_copy_switch_race.h */ = {isa = PBXFileReference; fileEncoding = 4; lastKnownFileType = sourcecode.c.h; path = vm_unaligned_copy_switch_race.h; sourceTree = "<group>"; };
		D60A48752998639D0013F066 /* grant_full_disk_access.m */ = {isa = PBXFileReference; fileEncoding = 4; lastKnownFileType = sourcecode.c.objc; path = grant_full_disk_access.m; sourceTree = "<group>"; };
		D60A48762998639D0013F066 /* helpers.h */ = {isa = PBXFileReference; fileEncoding = 4; lastKnownFileType = sourcecode.c.h; path = helpers.h; sourceTree = "<group>"; };
		D60A48772998639D0013F066 /* Mandela-Bridging-Header.h */ = {isa = PBXFileReference; fileEncoding = 4; lastKnownFileType = sourcecode.c.h; path = "Mandela-Bridging-Header.h"; sourceTree = "<group>"; };
		D60A487C299863D60013F066 /* Haptic++.swift */ = {isa = PBXFileReference; fileEncoding = 4; lastKnownFileType = sourcecode.swift; path = "Haptic++.swift"; sourceTree = "<group>"; };
		D60A487D299863D60013F066 /* Alert++.swift */ = {isa = PBXFileReference; fileEncoding = 4; lastKnownFileType = sourcecode.swift; path = "Alert++.swift"; sourceTree = "<group>"; };
		D60A48802998654C0013F066 /* ResolutionView.swift */ = {isa = PBXFileReference; lastKnownFileType = sourcecode.swift; path = ResolutionView.swift; sourceTree = "<group>"; };
		D60A4883299865610013F066 /* Common.swift */ = {isa = PBXFileReference; lastKnownFileType = sourcecode.swift; path = Common.swift; sourceTree = "<group>"; };
		D60A4886299866B40013F066 /* MuteView.swift */ = {isa = PBXFileReference; lastKnownFileType = sourcecode.swift; path = MuteView.swift; sourceTree = "<group>"; };
		D60A4889299867100013F066 /* SuperviseView.swift */ = {isa = PBXFileReference; lastKnownFileType = sourcecode.swift; path = SuperviseView.swift; sourceTree = "<group>"; };
		D60A488B2998672A0013F066 /* CarrierChangerView.swift */ = {isa = PBXFileReference; lastKnownFileType = sourcecode.swift; path = CarrierChangerView.swift; sourceTree = "<group>"; };
		D60A488E299867370013F066 /* AirPowerView.swift */ = {isa = PBXFileReference; lastKnownFileType = sourcecode.swift; path = AirPowerView.swift; sourceTree = "<group>"; };
		D60A4891299867450013F066 /* DOOMView.swift */ = {isa = PBXFileReference; lastKnownFileType = sourcecode.swift; path = DOOMView.swift; sourceTree = "<group>"; };
		D60A489329986BF20013F066 /* TypeView.swift */ = {isa = PBXFileReference; lastKnownFileType = sourcecode.swift; path = TypeView.swift; sourceTree = "<group>"; };
/* End PBXFileReference section */

/* Begin PBXFrameworksBuildPhase section */
		D60A4835299860590013F066 /* Frameworks */ = {
			isa = PBXFrameworksBuildPhase;
			buildActionMask = 2147483647;
			files = (
			);
			runOnlyForDeploymentPostprocessing = 0;
		};
		D60A48452998605B0013F066 /* Frameworks */ = {
			isa = PBXFrameworksBuildPhase;
			buildActionMask = 2147483647;
			files = (
			);
			runOnlyForDeploymentPostprocessing = 0;
		};
		D60A484F2998605B0013F066 /* Frameworks */ = {
			isa = PBXFrameworksBuildPhase;
			buildActionMask = 2147483647;
			files = (
			);
			runOnlyForDeploymentPostprocessing = 0;
		};
/* End PBXFrameworksBuildPhase section */

/* Begin PBXGroup section */
		D60A482F299860590013F066 = {
			isa = PBXGroup;
			children = (
				D60A483A299860590013F066 /* Mandela */,
				D60A484B2998605B0013F066 /* MandelaTests */,
				D60A48552998605B0013F066 /* MandelaUITests */,
				D60A4839299860590013F066 /* Products */,
			);
			sourceTree = "<group>";
		};
		D60A4839299860590013F066 /* Products */ = {
			isa = PBXGroup;
			children = (
				D60A4838299860590013F066 /* Mandela.app */,
				D60A48482998605B0013F066 /* MandelaTests.xctest */,
				D60A48522998605B0013F066 /* MandelaUITests.xctest */,
			);
			name = Products;
			sourceTree = "<group>";
		};
		D60A483A299860590013F066 /* Mandela */ = {
			isa = PBXGroup;
			children = (
				D60A483B299860590013F066 /* MandelaApp.swift */,
				D60A4883299865610013F066 /* Common.swift */,
				D60A487B299863AA0013F066 /* Extensions */,
				D60A4866299861FC0013F066 /* Exploit */,
				D60A4865299860800013F066 /* Views */,
				D60A483F2998605B0013F066 /* Assets.xcassets */,
				D60A48412998605B0013F066 /* Preview Content */,
			);
			path = Mandela;
			sourceTree = "<group>";
		};
		D60A48412998605B0013F066 /* Preview Content */ = {
			isa = PBXGroup;
			children = (
				D60A48422998605B0013F066 /* Preview Assets.xcassets */,
			);
			path = "Preview Content";
			sourceTree = "<group>";
		};
		D60A484B2998605B0013F066 /* MandelaTests */ = {
			isa = PBXGroup;
			children = (
				D60A484C2998605B0013F066 /* MandelaTests.swift */,
			);
			path = MandelaTests;
			sourceTree = "<group>";
		};
		D60A48552998605B0013F066 /* MandelaUITests */ = {
			isa = PBXGroup;
			children = (
				D60A48562998605B0013F066 /* MandelaUITests.swift */,
				D60A48582998605B0013F066 /* MandelaUITestsLaunchTests.swift */,
			);
			path = MandelaUITests;
			sourceTree = "<group>";
		};
		D60A4865299860800013F066 /* Views */ = {
			isa = PBXGroup;
			children = (
				D60A483D299860590013F066 /* ContentView.swift */,
				D60A48802998654C0013F066 /* ResolutionView.swift */,
				D60A4886299866B40013F066 /* MuteView.swift */,
				D60A4889299867100013F066 /* SuperviseView.swift */,
				D60A488B2998672A0013F066 /* CarrierChangerView.swift */,
				D60A488E299867370013F066 /* AirPowerView.swift */,
				D60A489329986BF20013F066 /* TypeView.swift */,
				D60A4891299867450013F066 /* DOOMView.swift */,
			);
			path = Views;
			sourceTree = "<group>";
		};
		D60A4866299861FC0013F066 /* Exploit */ = {
			isa = PBXGroup;
			children = (
				D60A48712998639D0013F066 /* grant_full_disk_access.h */,
				D60A48752998639D0013F066 /* grant_full_disk_access.m */,
				D60A48762998639D0013F066 /* helpers.h */,
				D60A48732998639D0013F066 /* helpers.m */,
				D60A48772998639D0013F066 /* Mandela-Bridging-Header.h */,
				D60A48722998639D0013F066 /* vm_unaligned_copy_switch_race.c */,
				D60A48742998639D0013F066 /* vm_unaligned_copy_switch_race.h */,
			);
			path = Exploit;
			sourceTree = "<group>";
		};
		D60A487B299863AA0013F066 /* Extensions */ = {
			isa = PBXGroup;
			children = (
				D60A487D299863D60013F066 /* Alert++.swift */,
				D60A487C299863D60013F066 /* Haptic++.swift */,
			);
			path = Extensions;
			sourceTree = "<group>";
		};
/* End PBXGroup section */

/* Begin PBXNativeTarget section */
		D60A4837299860590013F066 /* Mandela */ = {
			isa = PBXNativeTarget;
			buildConfigurationList = D60A485C2998605B0013F066 /* Build configuration list for PBXNativeTarget "Mandela" */;
			buildPhases = (
				D60A4834299860590013F066 /* Sources */,
				D60A4835299860590013F066 /* Frameworks */,
				D60A4836299860590013F066 /* Resources */,
			);
			buildRules = (
			);
			dependencies = (
			);
			name = Mandela;
			productName = Mandela;
			productReference = D60A4838299860590013F066 /* Mandela.app */;
			productType = "com.apple.product-type.application";
		};
		D60A48472998605B0013F066 /* MandelaTests */ = {
			isa = PBXNativeTarget;
			buildConfigurationList = D60A485F2998605B0013F066 /* Build configuration list for PBXNativeTarget "MandelaTests" */;
			buildPhases = (
				D60A48442998605B0013F066 /* Sources */,
				D60A48452998605B0013F066 /* Frameworks */,
				D60A48462998605B0013F066 /* Resources */,
			);
			buildRules = (
			);
			dependencies = (
				D60A484A2998605B0013F066 /* PBXTargetDependency */,
			);
			name = MandelaTests;
			productName = MandelaTests;
			productReference = D60A48482998605B0013F066 /* MandelaTests.xctest */;
			productType = "com.apple.product-type.bundle.unit-test";
		};
		D60A48512998605B0013F066 /* MandelaUITests */ = {
			isa = PBXNativeTarget;
			buildConfigurationList = D60A48622998605B0013F066 /* Build configuration list for PBXNativeTarget "MandelaUITests" */;
			buildPhases = (
				D60A484E2998605B0013F066 /* Sources */,
				D60A484F2998605B0013F066 /* Frameworks */,
				D60A48502998605B0013F066 /* Resources */,
			);
			buildRules = (
			);
			dependencies = (
				D60A48542998605B0013F066 /* PBXTargetDependency */,
			);
			name = MandelaUITests;
			productName = MandelaUITests;
			productReference = D60A48522998605B0013F066 /* MandelaUITests.xctest */;
			productType = "com.apple.product-type.bundle.ui-testing";
		};
/* End PBXNativeTarget section */

/* Begin PBXProject section */
		D60A4830299860590013F066 /* Project object */ = {
			isa = PBXProject;
			attributes = {
				BuildIndependentTargetsInParallel = 1;
				LastSwiftUpdateCheck = 1420;
				LastUpgradeCheck = 1420;
				TargetAttributes = {
					D60A4837299860590013F066 = {
						CreatedOnToolsVersion = 14.2;
						LastSwiftMigration = 1420;
					};
					D60A48472998605B0013F066 = {
						CreatedOnToolsVersion = 14.2;
						TestTargetID = D60A4837299860590013F066;
					};
					D60A48512998605B0013F066 = {
						CreatedOnToolsVersion = 14.2;
						TestTargetID = D60A4837299860590013F066;
					};
				};
			};
			buildConfigurationList = D60A4833299860590013F066 /* Build configuration list for PBXProject "Mandela" */;
			compatibilityVersion = "Xcode 14.0";
			developmentRegion = en;
			hasScannedForEncodings = 0;
			knownRegions = (
				en,
				Base,
			);
			mainGroup = D60A482F299860590013F066;
			productRefGroup = D60A4839299860590013F066 /* Products */;
			projectDirPath = "";
			projectRoot = "";
			targets = (
				D60A4837299860590013F066 /* Mandela */,
				D60A48472998605B0013F066 /* MandelaTests */,
				D60A48512998605B0013F066 /* MandelaUITests */,
			);
		};
/* End PBXProject section */

/* Begin PBXResourcesBuildPhase section */
		D60A4836299860590013F066 /* Resources */ = {
			isa = PBXResourcesBuildPhase;
			buildActionMask = 2147483647;
			files = (
				D60A48432998605B0013F066 /* Preview Assets.xcassets in Resources */,
				D60A48402998605B0013F066 /* Assets.xcassets in Resources */,
			);
			runOnlyForDeploymentPostprocessing = 0;
		};
		D60A48462998605B0013F066 /* Resources */ = {
			isa = PBXResourcesBuildPhase;
			buildActionMask = 2147483647;
			files = (
			);
			runOnlyForDeploymentPostprocessing = 0;
		};
		D60A48502998605B0013F066 /* Resources */ = {
			isa = PBXResourcesBuildPhase;
			buildActionMask = 2147483647;
			files = (
			);
			runOnlyForDeploymentPostprocessing = 0;
		};
/* End PBXResourcesBuildPhase section */

/* Begin PBXSourcesBuildPhase section */
		D60A4834299860590013F066 /* Sources */ = {
			isa = PBXSourcesBuildPhase;
			buildActionMask = 2147483647;
			files = (
				D60A489429986BF20013F066 /* TypeView.swift in Sources */,
				D60A488A299867100013F066 /* SuperviseView.swift in Sources */,
				D60A487E299863D60013F066 /* Haptic++.swift in Sources */,
				D60A483E299860590013F066 /* ContentView.swift in Sources */,
				D60A4892299867450013F066 /* DOOMView.swift in Sources */,
				D60A483C299860590013F066 /* MandelaApp.swift in Sources */,
				D60A487A2998639D0013F066 /* grant_full_disk_access.m in Sources */,
				D60A488F299867370013F066 /* AirPowerView.swift in Sources */,
				D60A4884299865610013F066 /* Common.swift in Sources */,
				D60A487F299863D60013F066 /* Alert++.swift in Sources */,
				D60A48782998639D0013F066 /* vm_unaligned_copy_switch_race.c in Sources */,
				D60A48812998654C0013F066 /* ResolutionView.swift in Sources */,
				D60A48792998639D0013F066 /* helpers.m in Sources */,
				D60A488C2998672A0013F066 /* CarrierChangerView.swift in Sources */,
				D60A4887299866B40013F066 /* MuteView.swift in Sources */,
			);
			runOnlyForDeploymentPostprocessing = 0;
		};
		D60A48442998605B0013F066 /* Sources */ = {
			isa = PBXSourcesBuildPhase;
			buildActionMask = 2147483647;
			files = (
				D60A484D2998605B0013F066 /* MandelaTests.swift in Sources */,
			);
			runOnlyForDeploymentPostprocessing = 0;
		};
		D60A484E2998605B0013F066 /* Sources */ = {
			isa = PBXSourcesBuildPhase;
			buildActionMask = 2147483647;
			files = (
				D60A48572998605B0013F066 /* MandelaUITests.swift in Sources */,
				D60A48592998605B0013F066 /* MandelaUITestsLaunchTests.swift in Sources */,
			);
			runOnlyForDeploymentPostprocessing = 0;
		};
/* End PBXSourcesBuildPhase section */

/* Begin PBXTargetDependency section */
		D60A484A2998605B0013F066 /* PBXTargetDependency */ = {
			isa = PBXTargetDependency;
			target = D60A4837299860590013F066 /* Mandela */;
			targetProxy = D60A48492998605B0013F066 /* PBXContainerItemProxy */;
		};
		D60A48542998605B0013F066 /* PBXTargetDependency */ = {
			isa = PBXTargetDependency;
			target = D60A4837299860590013F066 /* Mandela */;
			targetProxy = D60A48532998605B0013F066 /* PBXContainerItemProxy */;
		};
/* End PBXTargetDependency section */

/* Begin XCBuildConfiguration section */
		D60A485A2998605B0013F066 /* Debug */ = {
			isa = XCBuildConfiguration;
			buildSettings = {
				ALWAYS_SEARCH_USER_PATHS = NO;
				CLANG_ANALYZER_NONNULL = YES;
				CLANG_ANALYZER_NUMBER_OBJECT_CONVERSION = YES_AGGRESSIVE;
				CLANG_CXX_LANGUAGE_STANDARD = "gnu++20";
				CLANG_ENABLE_MODULES = YES;
				CLANG_ENABLE_OBJC_ARC = YES;
				CLANG_ENABLE_OBJC_WEAK = YES;
				CLANG_WARN_BLOCK_CAPTURE_AUTORELEASING = YES;
				CLANG_WARN_BOOL_CONVERSION = YES;
				CLANG_WARN_COMMA = YES;
				CLANG_WARN_CONSTANT_CONVERSION = YES;
				CLANG_WARN_DEPRECATED_OBJC_IMPLEMENTATIONS = YES;
				CLANG_WARN_DIRECT_OBJC_ISA_USAGE = YES_ERROR;
				CLANG_WARN_DOCUMENTATION_COMMENTS = YES;
				CLANG_WARN_EMPTY_BODY = YES;
				CLANG_WARN_ENUM_CONVERSION = YES;
				CLANG_WARN_INFINITE_RECURSION = YES;
				CLANG_WARN_INT_CONVERSION = YES;
				CLANG_WARN_NON_LITERAL_NULL_CONVERSION = YES;
				CLANG_WARN_OBJC_IMPLICIT_RETAIN_SELF = YES;
				CLANG_WARN_OBJC_LITERAL_CONVERSION = YES;
				CLANG_WARN_OBJC_ROOT_CLASS = YES_ERROR;
				CLANG_WARN_QUOTED_INCLUDE_IN_FRAMEWORK_HEADER = YES;
				CLANG_WARN_RANGE_LOOP_ANALYSIS = YES;
				CLANG_WARN_STRICT_PROTOTYPES = YES;
				CLANG_WARN_SUSPICIOUS_MOVE = YES;
				CLANG_WARN_UNGUARDED_AVAILABILITY = YES_AGGRESSIVE;
				CLANG_WARN_UNREACHABLE_CODE = YES;
				CLANG_WARN__DUPLICATE_METHOD_MATCH = YES;
				COPY_PHASE_STRIP = NO;
				DEBUG_INFORMATION_FORMAT = dwarf;
				ENABLE_STRICT_OBJC_MSGSEND = YES;
				ENABLE_TESTABILITY = YES;
				GCC_C_LANGUAGE_STANDARD = gnu11;
				GCC_DYNAMIC_NO_PIC = NO;
				GCC_NO_COMMON_BLOCKS = YES;
				GCC_OPTIMIZATION_LEVEL = 0;
				GCC_PREPROCESSOR_DEFINITIONS = (
					"DEBUG=1",
					"$(inherited)",
				);
				GCC_WARN_64_TO_32_BIT_CONVERSION = YES;
				GCC_WARN_ABOUT_RETURN_TYPE = YES_ERROR;
				GCC_WARN_UNDECLARED_SELECTOR = YES;
				GCC_WARN_UNINITIALIZED_AUTOS = YES_AGGRESSIVE;
				GCC_WARN_UNUSED_FUNCTION = YES;
				GCC_WARN_UNUSED_VARIABLE = YES;
				IPHONEOS_DEPLOYMENT_TARGET = 15.0;
				MTL_ENABLE_DEBUG_INFO = INCLUDE_SOURCE;
				MTL_FAST_MATH = YES;
				ONLY_ACTIVE_ARCH = YES;
				SDKROOT = iphoneos;
				SWIFT_ACTIVE_COMPILATION_CONDITIONS = DEBUG;
				SWIFT_OPTIMIZATION_LEVEL = "-Onone";
			};
			name = Debug;
		};
		D60A485B2998605B0013F066 /* Release */ = {
			isa = XCBuildConfiguration;
			buildSettings = {
				ALWAYS_SEARCH_USER_PATHS = NO;
				CLANG_ANALYZER_NONNULL = YES;
				CLANG_ANALYZER_NUMBER_OBJECT_CONVERSION = YES_AGGRESSIVE;
				CLANG_CXX_LANGUAGE_STANDARD = "gnu++20";
				CLANG_ENABLE_MODULES = YES;
				CLANG_ENABLE_OBJC_ARC = YES;
				CLANG_ENABLE_OBJC_WEAK = YES;
				CLANG_WARN_BLOCK_CAPTURE_AUTORELEASING = YES;
				CLANG_WARN_BOOL_CONVERSION = YES;
				CLANG_WARN_COMMA = YES;
				CLANG_WARN_CONSTANT_CONVERSION = YES;
				CLANG_WARN_DEPRECATED_OBJC_IMPLEMENTATIONS = YES;
				CLANG_WARN_DIRECT_OBJC_ISA_USAGE = YES_ERROR;
				CLANG_WARN_DOCUMENTATION_COMMENTS = YES;
				CLANG_WARN_EMPTY_BODY = YES;
				CLANG_WARN_ENUM_CONVERSION = YES;
				CLANG_WARN_INFINITE_RECURSION = YES;
				CLANG_WARN_INT_CONVERSION = YES;
				CLANG_WARN_NON_LITERAL_NULL_CONVERSION = YES;
				CLANG_WARN_OBJC_IMPLICIT_RETAIN_SELF = YES;
				CLANG_WARN_OBJC_LITERAL_CONVERSION = YES;
				CLANG_WARN_OBJC_ROOT_CLASS = YES_ERROR;
				CLANG_WARN_QUOTED_INCLUDE_IN_FRAMEWORK_HEADER = YES;
				CLANG_WARN_RANGE_LOOP_ANALYSIS = YES;
				CLANG_WARN_STRICT_PROTOTYPES = YES;
				CLANG_WARN_SUSPICIOUS_MOVE = YES;
				CLANG_WARN_UNGUARDED_AVAILABILITY = YES_AGGRESSIVE;
				CLANG_WARN_UNREACHABLE_CODE = YES;
				CLANG_WARN__DUPLICATE_METHOD_MATCH = YES;
				COPY_PHASE_STRIP = NO;
				DEBUG_INFORMATION_FORMAT = "dwarf-with-dsym";
				ENABLE_NS_ASSERTIONS = NO;
				ENABLE_STRICT_OBJC_MSGSEND = YES;
				GCC_C_LANGUAGE_STANDARD = gnu11;
				GCC_NO_COMMON_BLOCKS = YES;
				GCC_WARN_64_TO_32_BIT_CONVERSION = YES;
				GCC_WARN_ABOUT_RETURN_TYPE = YES_ERROR;
				GCC_WARN_UNDECLARED_SELECTOR = YES;
				GCC_WARN_UNINITIALIZED_AUTOS = YES_AGGRESSIVE;
				GCC_WARN_UNUSED_FUNCTION = YES;
				GCC_WARN_UNUSED_VARIABLE = YES;
				IPHONEOS_DEPLOYMENT_TARGET = 15.0;
				MTL_ENABLE_DEBUG_INFO = NO;
				MTL_FAST_MATH = YES;
				SDKROOT = iphoneos;
				SWIFT_COMPILATION_MODE = wholemodule;
				SWIFT_OPTIMIZATION_LEVEL = "-O";
				VALIDATE_PRODUCT = YES;
			};
			name = Release;
		};
		D60A485D2998605B0013F066 /* Debug */ = {
			isa = XCBuildConfiguration;
			buildSettings = {
				ASSETCATALOG_COMPILER_APPICON_NAME = AppIcon;
				ASSETCATALOG_COMPILER_GLOBAL_ACCENT_COLOR_NAME = AccentColor;
				CLANG_ENABLE_MODULES = YES;
				CODE_SIGN_STYLE = Automatic;
				CURRENT_PROJECT_VERSION = Beta;
				DEVELOPMENT_ASSET_PATHS = "\"Mandela/Preview Content\"";
				DEVELOPMENT_TEAM = 8JKVMYCRTJ;
				ENABLE_PREVIEWS = YES;
				GENERATE_INFOPLIST_FILE = YES;
				INFOPLIST_KEY_LSApplicationCategoryType = "public.app-category.utilities";
				INFOPLIST_KEY_NSAppleMusicUsageDescription = "Grant access to the sandbox. Required for app functionality.";
				INFOPLIST_KEY_UIApplicationSceneManifest_Generation = YES;
				INFOPLIST_KEY_UIApplicationSupportsIndirectInputEvents = YES;
				INFOPLIST_KEY_UILaunchScreen_Generation = YES;
				INFOPLIST_KEY_UISupportedInterfaceOrientations_iPad = "UIInterfaceOrientationPortrait UIInterfaceOrientationPortraitUpsideDown UIInterfaceOrientationLandscapeLeft UIInterfaceOrientationLandscapeRight";
				INFOPLIST_KEY_UISupportedInterfaceOrientations_iPhone = "UIInterfaceOrientationPortrait UIInterfaceOrientationLandscapeLeft UIInterfaceOrientationLandscapeRight";
				IPHONEOS_DEPLOYMENT_TARGET = 15.0;
				LD_RUNPATH_SEARCH_PATHS = (
					"$(inherited)",
					"@executable_path/Frameworks",
				);
				MARKETING_VERSION = 0.5;
				PRODUCT_BUNDLE_IDENTIFIER = ca.bomberfish.Mandela;
				PRODUCT_NAME = "$(TARGET_NAME)";
				SWIFT_EMIT_LOC_STRINGS = YES;
				SWIFT_OBJC_BRIDGING_HEADER = "Mandela/Exploit/Mandela-Bridging-Header.h";
				SWIFT_OPTIMIZATION_LEVEL = "-Onone";
				SWIFT_VERSION = 5.0;
				TARGETED_DEVICE_FAMILY = "1,2";
			};
			name = Debug;
		};
		D60A485E2998605B0013F066 /* Release */ = {
			isa = XCBuildConfiguration;
			buildSettings = {
				ASSETCATALOG_COMPILER_APPICON_NAME = AppIcon;
				ASSETCATALOG_COMPILER_GLOBAL_ACCENT_COLOR_NAME = AccentColor;
				CLANG_ENABLE_MODULES = YES;
				CODE_SIGN_STYLE = Automatic;
				CURRENT_PROJECT_VERSION = Beta;
				DEVELOPMENT_ASSET_PATHS = "\"Mandela/Preview Content\"";
				DEVELOPMENT_TEAM = 8JKVMYCRTJ;
				ENABLE_PREVIEWS = YES;
				GENERATE_INFOPLIST_FILE = YES;
				INFOPLIST_KEY_LSApplicationCategoryType = "public.app-category.utilities";
				INFOPLIST_KEY_NSAppleMusicUsageDescription = "Grant access to the sandbox. Required for app functionality.";
				INFOPLIST_KEY_UIApplicationSceneManifest_Generation = YES;
				INFOPLIST_KEY_UIApplicationSupportsIndirectInputEvents = YES;
				INFOPLIST_KEY_UILaunchScreen_Generation = YES;
				INFOPLIST_KEY_UISupportedInterfaceOrientations_iPad = "UIInterfaceOrientationPortrait UIInterfaceOrientationPortraitUpsideDown UIInterfaceOrientationLandscapeLeft UIInterfaceOrientationLandscapeRight";
				INFOPLIST_KEY_UISupportedInterfaceOrientations_iPhone = "UIInterfaceOrientationPortrait UIInterfaceOrientationLandscapeLeft UIInterfaceOrientationLandscapeRight";
				IPHONEOS_DEPLOYMENT_TARGET = 15.0;
				LD_RUNPATH_SEARCH_PATHS = (
					"$(inherited)",
					"@executable_path/Frameworks",
				);
				MARKETING_VERSION = 0.5;
				PRODUCT_BUNDLE_IDENTIFIER = ca.bomberfish.Mandela;
				PRODUCT_NAME = "$(TARGET_NAME)";
				SWIFT_EMIT_LOC_STRINGS = YES;
				SWIFT_OBJC_BRIDGING_HEADER = "Mandela/Exploit/Mandela-Bridging-Header.h";
				SWIFT_VERSION = 5.0;
				TARGETED_DEVICE_FAMILY = "1,2";
			};
			name = Release;
		};
		D60A48602998605B0013F066 /* Debug */ = {
			isa = XCBuildConfiguration;
			buildSettings = {
				ALWAYS_EMBED_SWIFT_STANDARD_LIBRARIES = YES;
				BUNDLE_LOADER = "$(TEST_HOST)";
				CODE_SIGN_STYLE = Automatic;
				CURRENT_PROJECT_VERSION = 1;
				DEVELOPMENT_TEAM = 8JKVMYCRTJ;
				GENERATE_INFOPLIST_FILE = YES;
				IPHONEOS_DEPLOYMENT_TARGET = 16.2;
				MARKETING_VERSION = 1.0;
				PRODUCT_BUNDLE_IDENTIFIER = ca.bomberfish.MandelaTests;
				PRODUCT_NAME = "$(TARGET_NAME)";
				SWIFT_EMIT_LOC_STRINGS = NO;
				SWIFT_VERSION = 5.0;
				TARGETED_DEVICE_FAMILY = "1,2";
				TEST_HOST = "$(BUILT_PRODUCTS_DIR)/Mandela.app/$(BUNDLE_EXECUTABLE_FOLDER_PATH)/Mandela";
			};
			name = Debug;
		};
		D60A48612998605B0013F066 /* Release */ = {
			isa = XCBuildConfiguration;
			buildSettings = {
				ALWAYS_EMBED_SWIFT_STANDARD_LIBRARIES = YES;
				BUNDLE_LOADER = "$(TEST_HOST)";
				CODE_SIGN_STYLE = Automatic;
				CURRENT_PROJECT_VERSION = 1;
				DEVELOPMENT_TEAM = 8JKVMYCRTJ;
				GENERATE_INFOPLIST_FILE = YES;
				IPHONEOS_DEPLOYMENT_TARGET = 16.2;
				MARKETING_VERSION = 1.0;
				PRODUCT_BUNDLE_IDENTIFIER = ca.bomberfish.MandelaTests;
				PRODUCT_NAME = "$(TARGET_NAME)";
				SWIFT_EMIT_LOC_STRINGS = NO;
				SWIFT_VERSION = 5.0;
				TARGETED_DEVICE_FAMILY = "1,2";
				TEST_HOST = "$(BUILT_PRODUCTS_DIR)/Mandela.app/$(BUNDLE_EXECUTABLE_FOLDER_PATH)/Mandela";
			};
			name = Release;
		};
		D60A48632998605B0013F066 /* Debug */ = {
			isa = XCBuildConfiguration;
			buildSettings = {
				ALWAYS_EMBED_SWIFT_STANDARD_LIBRARIES = YES;
				CODE_SIGN_STYLE = Automatic;
				CURRENT_PROJECT_VERSION = 1;
				DEVELOPMENT_TEAM = 8JKVMYCRTJ;
				GENERATE_INFOPLIST_FILE = YES;
				MARKETING_VERSION = 1.0;
				PRODUCT_BUNDLE_IDENTIFIER = ca.bomberfish.MandelaUITests;
				PRODUCT_NAME = "$(TARGET_NAME)";
				SWIFT_EMIT_LOC_STRINGS = NO;
				SWIFT_VERSION = 5.0;
				TARGETED_DEVICE_FAMILY = "1,2";
				TEST_TARGET_NAME = Mandela;
			};
			name = Debug;
		};
		D60A48642998605B0013F066 /* Release */ = {
			isa = XCBuildConfiguration;
			buildSettings = {
				ALWAYS_EMBED_SWIFT_STANDARD_LIBRARIES = YES;
				CODE_SIGN_STYLE = Automatic;
				CURRENT_PROJECT_VERSION = 1;
				DEVELOPMENT_TEAM = 8JKVMYCRTJ;
				GENERATE_INFOPLIST_FILE = YES;
				MARKETING_VERSION = 1.0;
				PRODUCT_BUNDLE_IDENTIFIER = ca.bomberfish.MandelaUITests;
				PRODUCT_NAME = "$(TARGET_NAME)";
				SWIFT_EMIT_LOC_STRINGS = NO;
				SWIFT_VERSION = 5.0;
				TARGETED_DEVICE_FAMILY = "1,2";
				TEST_TARGET_NAME = Mandela;
			};
			name = Release;
		};
/* End XCBuildConfiguration section */

/* Begin XCConfigurationList section */
		D60A4833299860590013F066 /* Build configuration list for PBXProject "Mandela" */ = {
			isa = XCConfigurationList;
			buildConfigurations = (
				D60A485A2998605B0013F066 /* Debug */,
				D60A485B2998605B0013F066 /* Release */,
			);
			defaultConfigurationIsVisible = 0;
			defaultConfigurationName = Release;
		};
		D60A485C2998605B0013F066 /* Build configuration list for PBXNativeTarget "Mandela" */ = {
			isa = XCConfigurationList;
			buildConfigurations = (
				D60A485D2998605B0013F066 /* Debug */,
				D60A485E2998605B0013F066 /* Release */,
			);
			defaultConfigurationIsVisible = 0;
			defaultConfigurationName = Release;
		};
		D60A485F2998605B0013F066 /* Build configuration list for PBXNativeTarget "MandelaTests" */ = {
			isa = XCConfigurationList;
			buildConfigurations = (
				D60A48602998605B0013F066 /* Debug */,
				D60A48612998605B0013F066 /* Release */,
			);
			defaultConfigurationIsVisible = 0;
			defaultConfigurationName = Release;
		};
		D60A48622998605B0013F066 /* Build configuration list for PBXNativeTarget "MandelaUITests" */ = {
			isa = XCConfigurationList;
			buildConfigurations = (
				D60A48632998605B0013F066 /* Debug */,
				D60A48642998605B0013F066 /* Release */,
			);
			defaultConfigurationIsVisible = 0;
			defaultConfigurationName = Release;
		};
/* End XCConfigurationList section */
	};
	rootObject = D60A4830299860590013F066 /* Project object */;
}
